{
	"name": "tvdb",
	"version": "0.0.0",
	"lockfileVersion": 1,
	"requires": true,
	"dependencies": {
		"@angular/common": {
			"version": "4.4.6",
			"resolved": "https://registry.npmjs.org/@angular/common/-/common-4.4.6.tgz",
			"integrity": "sha1-S4FCByTggooOg5uVpV6xp+g5GPI=",
			"requires": {
				"tslib": "1.9.0"
			}
		},
		"@angular/compiler": {
			"version": "4.4.6",
			"resolved": "https://registry.npmjs.org/@angular/compiler/-/compiler-4.4.6.tgz",
			"integrity": "sha1-LuH68lt1fh0SiXkHS+f65SmzvCA=",
			"requires": {
				"tslib": "1.9.0"
			}
		},
		"@angular/core": {
			"version": "4.4.6",
			"resolved": "https://registry.npmjs.org/@angular/core/-/core-4.4.6.tgz",
			"integrity": "sha1-EwMf0Q3P5DiHVBmzjyESCVi8I1Q=",
			"requires": {
				"tslib": "1.9.0"
			}
		},
		"@angular/forms": {
			"version": "4.4.6",
			"resolved": "https://registry.npmjs.org/@angular/forms/-/forms-4.4.6.tgz",
			"integrity": "sha1-/mSs5CQ1wbgPSQNLfEHOjK8UpEo=",
			"requires": {
				"tslib": "1.9.0"
			}
		},
		"@angular/http": {
			"version": "4.4.6",
			"resolved": "https://registry.npmjs.org/@angular/http/-/http-4.4.6.tgz",
			"integrity": "sha1-CvaAxnEL3AJtlA4iXP0PalwAXQw=",
			"requires": {
				"tslib": "1.9.0"
			}
		},
		"@angular/platform-browser": {
			"version": "4.4.6",
			"resolved": "https://registry.npmjs.org/@angular/platform-browser/-/platform-browser-4.4.6.tgz",
			"integrity": "sha1-qYOcVH4bZU+h0kqJeAyLpquNzOA=",
			"requires": {
				"tslib": "1.9.0"
			}
		},
		"@angular/platform-browser-dynamic": {
			"version": "4.4.6",
			"resolved": "https://registry.npmjs.org/@angular/platform-browser-dynamic/-/platform-browser-dynamic-4.4.6.tgz",
			"integrity": "sha1-TT2aanvyzz3kBYphWuBZ7/ZB+jY=",
			"requires": {
				"tslib": "1.9.0"
			}
		},
		"@angular/router": {
			"version": "4.4.6",
			"resolved": "https://registry.npmjs.org/@angular/router/-/router-4.4.6.tgz",
			"integrity": "sha1-D2rSmuD/jSyeo3m9MgRHIXt+yGY=",
			"requires": {
				"tslib": "1.9.0"
			}
		},
		"@ng-bootstrap/ng-bootstrap": {
			"version": "1.0.0",
			"resolved": "https://registry.npmjs.org/@ng-bootstrap/ng-bootstrap/-/ng-bootstrap-1.0.0.tgz",
			"integrity": "sha1-jyrnDbL+Hcv14Ky0ncKxu7or6NI="
		},
		"bootstrap": {
			"version": "4.0.0",
			"resolved": "https://registry.npmjs.org/bootstrap/-/bootstrap-4.0.0.tgz",
			"integrity": "sha512-gulJE5dGFo6Q61V/whS6VM4WIyrlydXfCgkE+Gxe5hjrJ8rXLLZlALq7zq2RPhOc45PSwQpJkrTnc2KgD6cvmA=="
		},
		"core-js": {
			"version": "2.5.3",
			"resolved": "https://registry.npmjs.org/core-js/-/core-js-2.5.3.tgz",
			"integrity": "sha1-isw4NFgk8W2DZbfJtCWRaOjtYD4="
		},
		"promise-polyfill": {
			"version": "7.1.0",
			"resolved": "https://registry.npmjs.org/promise-polyfill/-/promise-polyfill-7.1.0.tgz",
			"integrity": "sha512-P6NJ2wU/8fac44ENORsuqT8TiolKGB2u0fEClPtXezn7w5cmLIjM/7mhPlTebke2EPr6tmqZbXvnX0TxwykGrg=="
		},
		"rxjs": {
			"version": "5.5.6",
			"resolved": "https://registry.npmjs.org/rxjs/-/rxjs-5.5.6.tgz",
			"integrity": "sha512-v4Q5HDC0FHAQ7zcBX7T2IL6O5ltl1a2GX4ENjPXg6SjDY69Cmx9v4113C99a4wGF16ClPv5Z8mghuYorVkg/kg==",
			"requires": {
				"symbol-observable": "1.0.1"
			}
		},
		"symbol-observable": {
			"version": "1.0.1",
			"resolved": "https://registry.npmjs.org/symbol-observable/-/symbol-observable-1.0.1.tgz",
			"integrity": "sha1-g0D8RwLDEi310iKI+IKD9RPT/dQ="
		},
		"tslib": {
			"version": "1.9.0",
			"resolved": "https://registry.npmjs.org/tslib/-/tslib-1.9.0.tgz",
			"integrity": "sha512-f/qGG2tUkrISBlQZEjEqoZ3B2+npJjIf04H1wuAv9iA8i04Icp+61KRXxFdha22670NJopsZCIjhC3SnjPRKrQ=="
		},
		"zone.js": {
			"version": "0.8.20",
			"resolved": "https://registry.npmjs.org/zone.js/-/zone.js-0.8.20.tgz",
			"integrity": "sha512-FXlA37ErSXCMy5RNBcGFgCI/Zivqzr0D19GuvDxhcYIJc7xkFp6c29DKyODJu0Zo+EMyur/WPPgcBh1EHjB9jA=="
		}
	}
}
